
Microsoft Visual Studio Solution File, Format Version 12.00
# Visual Studio Version 16
VisualStudioVersion = 16.0.31424.327
MinimumVisualStudioVersion = 10.0.40219.1
Project("{FAE04EC0-301F-11D3-BF4B-00C04F79EFBC}") = "GameRoomWPF", "GameRoomWPF.csproj", "{FC5C3093-90A5-43B3-BF6B-0554610B0A95}"
EndProject
Project("{FAE04EC0-301F-11D3-BF4B-00C04F79EFBC}") = "GameRoomModel", "..\GameRoomModel\GameRoomModel.csproj", "{65E7DDAA-0253-4965-84D8-ECBBAC0653EB}"
EndProject
Global
	GlobalSection(SolutionConfigurationPlatforms) = preSolution
		Debug|Any CPU = Debug|Any CPU
		Release|Any CPU = Release|Any CPU
	EndGlobalSection
	GlobalSection(ProjectConfigurationPlatforms) = postSolution
		{FC5C3093-90A5-43B3-BF6B-0554610B0A95}.Debug|Any CPU.ActiveCfg = Debug|Any CPU
		{FC5C3093-90A5-43B3-BF6B-0554610B0A95}.Debug|Any CPU.Build.0 = Debug|Any CPU
		{FC5C3093-90A5-43B3-BF6B-0554610B0A95}.Release|Any CPU.ActiveCfg = Release|Any CPU
		{FC5C3093-90A5-43B3-BF6B-0554610B0A95}.Release|Any CPU.Build.0 = Release|Any CPU
		{65E7DDAA-0253-4965-84D8-ECBBAC0653EB}.Debug|Any CPU.ActiveCfg = Debug|Any CPU
		{65E7DDAA-0253-4965-84D8-ECBBAC0653EB}.Debug|Any CPU.Build.0 = Debug|Any CPU
		{65E7DDAA-0253-4965-84D8-ECBBAC0653EB}.Release|Any CPU.ActiveCfg = Release|Any CPU
		{65E7DDAA-0253-4965-84D8-ECBBAC0653EB}.Release|Any CPU.Build.0 = Release|Any CPU
	EndGlobalSection
	GlobalSection(SolutionProperties) = preSolution
		HideSolutionNode = FALSE
	EndGlobalSection
	GlobalSection(ExtensibilityGlobals) = postSolution
		SolutionGuid = {52AE456B-8C9E-40A7-B96B-E222B05D5230}
	EndGlobalSection
EndGlobal
